
Microsoft Visual Studio Solution File, Format Version 12.00
# Visual Studio Version 17
VisualStudioVersion = 17.11.35303.130
MinimumVisualStudioVersion = 10.0.40219.1
Project("{FAE04EC0-301F-11D3-BF4B-00C04F79EFBC}") = "BridgeLibrary", "BridgeLibrary\BridgeLibrary.csproj", "{CD4D41BE-FBE8-4648-BBD7-3389C9A916B8}"
EndProject
Project("{FAE04EC0-301F-11D3-BF4B-00C04F79EFBC}") = "TestCarMetoderne 1", "TestCarMetoderne 1\TestCarMetoderne 1.csproj", "{749E9FCE-C2EE-443D-9B21-05E87266D8E9}"
EndProject
Project("{FAE04EC0-301F-11D3-BF4B-00C04F79EFBC}") = "TestMCMetoderne 1", "TestMCMetoderne 1\TestMCMetoderne 1.csproj", "{58B23B59-4512-458A-B422-0757DB98EB50}"
EndProject
Project("{FAE04EC0-301F-11D3-BF4B-00C04F79EFBC}") = "TestProportieLisensplate", "TestProportieLisensplate\TestProportieLisensplate.csproj", "{2177BA8D-B2E0-4B9D-8147-D46CDA52653E}"
EndProject
Project("{FAE04EC0-301F-11D3-BF4B-00C04F79EFBC}") = "StoreBaeltTicketLib", "StoreBaeltTicketLib\StoreBaeltTicketLib.csproj", "{8927232A-20CC-4128-9ADA-903BB0FC8DBC}"
EndProject
Project("{FAE04EC0-301F-11D3-BF4B-00C04F79EFBC}") = "TestStoreBaeltCarMethod", "TestStoreBaeltCarMethod\TestStoreBaeltCarMethod.csproj", "{02396E72-7FF6-47D8-9AEA-CCE854FC82D8}"
EndProject
Project("{FAE04EC0-301F-11D3-BF4B-00C04F79EFBC}") = "OresundbronLib", "OresundbronLib\OresundbronLib.csproj", "{CD9D2D9B-4C5C-4343-B27F-4249ED6251BD}"
EndProject
Project("{FAE04EC0-301F-11D3-BF4B-00C04F79EFBC}") = "TestStoreBaeltCarMethod1", "TestStoreBaeltCarMethod1\TestStoreBaeltCarMethod1.csproj", "{0296024D-5A1C-4631-BAC0-6EB9D168A0F1}"
EndProject
Project("{FAE04EC0-301F-11D3-BF4B-00C04F79EFBC}") = "TestoresundCarMethod", "TestoresundCarMethod\TestoresundCarMethod.csproj", "{A91F361F-91CC-41DE-A2CA-60A4428731FE}"
EndProject
Project("{FAE04EC0-301F-11D3-BF4B-00C04F79EFBC}") = "TestRepositoryMethods", "TestRepositoryMethods\TestRepositoryMethods.csproj", "{1660EF9B-A6B8-4971-916A-202441DF16C6}"
EndProject
Global
	GlobalSection(SolutionConfigurationPlatforms) = preSolution
		Debug|Any CPU = Debug|Any CPU
		Release|Any CPU = Release|Any CPU
	EndGlobalSection
	GlobalSection(ProjectConfigurationPlatforms) = postSolution
		{CD4D41BE-FBE8-4648-BBD7-3389C9A916B8}.Debug|Any CPU.ActiveCfg = Debug|Any CPU
		{CD4D41BE-FBE8-4648-BBD7-3389C9A916B8}.Debug|Any CPU.Build.0 = Debug|Any CPU
		{CD4D41BE-FBE8-4648-BBD7-3389C9A916B8}.Release|Any CPU.ActiveCfg = Release|Any CPU
		{CD4D41BE-FBE8-4648-BBD7-3389C9A916B8}.Release|Any CPU.Build.0 = Release|Any CPU
		{749E9FCE-C2EE-443D-9B21-05E87266D8E9}.Debug|Any CPU.ActiveCfg = Debug|Any CPU
		{749E9FCE-C2EE-443D-9B21-05E87266D8E9}.Debug|Any CPU.Build.0 = Debug|Any CPU
		{749E9FCE-C2EE-443D-9B21-05E87266D8E9}.Release|Any CPU.ActiveCfg = Release|Any CPU
		{749E9FCE-C2EE-443D-9B21-05E87266D8E9}.Release|Any CPU.Build.0 = Release|Any CPU
		{58B23B59-4512-458A-B422-0757DB98EB50}.Debug|Any CPU.ActiveCfg = Debug|Any CPU
		{58B23B59-4512-458A-B422-0757DB98EB50}.Debug|Any CPU.Build.0 = Debug|Any CPU
		{58B23B59-4512-458A-B422-0757DB98EB50}.Release|Any CPU.ActiveCfg = Release|Any CPU
		{58B23B59-4512-458A-B422-0757DB98EB50}.Release|Any CPU.Build.0 = Release|Any CPU
		{2177BA8D-B2E0-4B9D-8147-D46CDA52653E}.Debug|Any CPU.ActiveCfg = Debug|Any CPU
		{2177BA8D-B2E0-4B9D-8147-D46CDA52653E}.Debug|Any CPU.Build.0 = Debug|Any CPU
		{2177BA8D-B2E0-4B9D-8147-D46CDA52653E}.Release|Any CPU.ActiveCfg = Release|Any CPU
		{2177BA8D-B2E0-4B9D-8147-D46CDA52653E}.Release|Any CPU.Build.0 = Release|Any CPU
		{8927232A-20CC-4128-9ADA-903BB0FC8DBC}.Debug|Any CPU.ActiveCfg = Debug|Any CPU
		{8927232A-20CC-4128-9ADA-903BB0FC8DBC}.Debug|Any CPU.Build.0 = Debug|Any CPU
		{8927232A-20CC-4128-9ADA-903BB0FC8DBC}.Release|Any CPU.ActiveCfg = Release|Any CPU
		{8927232A-20CC-4128-9ADA-903BB0FC8DBC}.Release|Any CPU.Build.0 = Release|Any CPU
		{02396E72-7FF6-47D8-9AEA-CCE854FC82D8}.Debug|Any CPU.ActiveCfg = Debug|Any CPU
		{02396E72-7FF6-47D8-9AEA-CCE854FC82D8}.Debug|Any CPU.Build.0 = Debug|Any CPU
		{02396E72-7FF6-47D8-9AEA-CCE854FC82D8}.Release|Any CPU.ActiveCfg = Release|Any CPU
		{02396E72-7FF6-47D8-9AEA-CCE854FC82D8}.Release|Any CPU.Build.0 = Release|Any CPU
		{CD9D2D9B-4C5C-4343-B27F-4249ED6251BD}.Debug|Any CPU.ActiveCfg = Debug|Any CPU
		{CD9D2D9B-4C5C-4343-B27F-4249ED6251BD}.Debug|Any CPU.Build.0 = Debug|Any CPU
		{CD9D2D9B-4C5C-4343-B27F-4249ED6251BD}.Release|Any CPU.ActiveCfg = Release|Any CPU
		{CD9D2D9B-4C5C-4343-B27F-4249ED6251BD}.Release|Any CPU.Build.0 = Release|Any CPU
		{0296024D-5A1C-4631-BAC0-6EB9D168A0F1}.Debug|Any CPU.ActiveCfg = Debug|Any CPU
		{0296024D-5A1C-4631-BAC0-6EB9D168A0F1}.Debug|Any CPU.Build.0 = Debug|Any CPU
		{0296024D-5A1C-4631-BAC0-6EB9D168A0F1}.Release|Any CPU.ActiveCfg = Release|Any CPU
		{0296024D-5A1C-4631-BAC0-6EB9D168A0F1}.Release|Any CPU.Build.0 = Release|Any CPU
		{A91F361F-91CC-41DE-A2CA-60A4428731FE}.Debug|Any CPU.ActiveCfg = Debug|Any CPU
		{A91F361F-91CC-41DE-A2CA-60A4428731FE}.Debug|Any CPU.Build.0 = Debug|Any CPU
		{A91F361F-91CC-41DE-A2CA-60A4428731FE}.Release|Any CPU.ActiveCfg = Release|Any CPU
		{A91F361F-91CC-41DE-A2CA-60A4428731FE}.Release|Any CPU.Build.0 = Release|Any CPU
		{1660EF9B-A6B8-4971-916A-202441DF16C6}.Debug|Any CPU.ActiveCfg = Debug|Any CPU
		{1660EF9B-A6B8-4971-916A-202441DF16C6}.Debug|Any CPU.Build.0 = Debug|Any CPU
		{1660EF9B-A6B8-4971-916A-202441DF16C6}.Release|Any CPU.ActiveCfg = Release|Any CPU
		{1660EF9B-A6B8-4971-916A-202441DF16C6}.Release|Any CPU.Build.0 = Release|Any CPU
	EndGlobalSection
	GlobalSection(SolutionProperties) = preSolution
		HideSolutionNode = FALSE
	EndGlobalSection
	GlobalSection(ExtensibilityGlobals) = postSolution
		SolutionGuid = {0B305020-F73D-4820-B6A6-A1AE45C4B5A1}
	EndGlobalSection
EndGlobal
