
Microsoft Visual Studio Solution File, Format Version 12.00
# Visual Studio Version 17
VisualStudioVersion = 17.11.35303.130
MinimumVisualStudioVersion = 10.0.40219.1
Project("{FAE04EC0-301F-11D3-BF4B-00C04F79EFBC}") = "BridgeLibrary", "BridgeLibrary\BridgeLibrary.csproj", "{CD4D41BE-FBE8-4648-BBD7-3389C9A916B8}"
EndProject
Project("{FAE04EC0-301F-11D3-BF4B-00C04F79EFBC}") = "TestCarMetoderne 1", "TestCarMetoderne 1\TestCarMetoderne 1.csproj", "{749E9FCE-C2EE-443D-9B21-05E87266D8E9}"
EndProject
Project("{FAE04EC0-301F-11D3-BF4B-00C04F79EFBC}") = "TestMCMetoderne 1", "TestMCMetoderne 1\TestMCMetoderne 1.csproj", "{58B23B59-4512-458A-B422-0757DB98EB50}"
EndProject
Project("{FAE04EC0-301F-11D3-BF4B-00C04F79EFBC}") = "TestProportieLisensplate", "TestProportieLisensplate\TestProportieLisensplate.csproj", "{2177BA8D-B2E0-4B9D-8147-D46CDA52653E}"
EndProject
Project("{FAE04EC0-301F-11D3-BF4B-00C04F79EFBC}") = "StoreBaeltTicketLib", "StoreBaeltTicketLib\StoreBaeltTicketLib.csproj", "{8927232A-20CC-4128-9ADA-903BB0FC8DBC}"
EndProject
Global
	GlobalSection(SolutionConfigurationPlatforms) = preSolution
		Debug|Any CPU = Debug|Any CPU
		Release|Any CPU = Release|Any CPU
	EndGlobalSection
	GlobalSection(ProjectConfigurationPlatforms) = postSolution
		{CD4D41BE-FBE8-4648-BBD7-3389C9A916B8}.Debug|Any CPU.ActiveCfg = Debug|Any CPU
		{CD4D41BE-FBE8-4648-BBD7-3389C9A916B8}.Debug|Any CPU.Build.0 = Debug|Any CPU
		{CD4D41BE-FBE8-4648-BBD7-3389C9A916B8}.Release|Any CPU.ActiveCfg = Release|Any CPU
		{CD4D41BE-FBE8-4648-BBD7-3389C9A916B8}.Release|Any CPU.Build.0 = Release|Any CPU
		{749E9FCE-C2EE-443D-9B21-05E87266D8E9}.Debug|Any CPU.ActiveCfg = Debug|Any CPU
		{749E9FCE-C2EE-443D-9B21-05E87266D8E9}.Debug|Any CPU.Build.0 = Debug|Any CPU
		{749E9FCE-C2EE-443D-9B21-05E87266D8E9}.Release|Any CPU.ActiveCfg = Release|Any CPU
		{749E9FCE-C2EE-443D-9B21-05E87266D8E9}.Release|Any CPU.Build.0 = Release|Any CPU
		{58B23B59-4512-458A-B422-0757DB98EB50}.Debug|Any CPU.ActiveCfg = Debug|Any CPU
		{58B23B59-4512-458A-B422-0757DB98EB50}.Debug|Any CPU.Build.0 = Debug|Any CPU
		{58B23B59-4512-458A-B422-0757DB98EB50}.Release|Any CPU.ActiveCfg = Release|Any CPU
		{58B23B59-4512-458A-B422-0757DB98EB50}.Release|Any CPU.Build.0 = Release|Any CPU
		{2177BA8D-B2E0-4B9D-8147-D46CDA52653E}.Debug|Any CPU.ActiveCfg = Debug|Any CPU
		{2177BA8D-B2E0-4B9D-8147-D46CDA52653E}.Debug|Any CPU.Build.0 = Debug|Any CPU
		{2177BA8D-B2E0-4B9D-8147-D46CDA52653E}.Release|Any CPU.ActiveCfg = Release|Any CPU
		{2177BA8D-B2E0-4B9D-8147-D46CDA52653E}.Release|Any CPU.Build.0 = Release|Any CPU
		{8927232A-20CC-4128-9ADA-903BB0FC8DBC}.Debug|Any CPU.ActiveCfg = Debug|Any CPU
		{8927232A-20CC-4128-9ADA-903BB0FC8DBC}.Debug|Any CPU.Build.0 = Debug|Any CPU
		{8927232A-20CC-4128-9ADA-903BB0FC8DBC}.Release|Any CPU.ActiveCfg = Release|Any CPU
		{8927232A-20CC-4128-9ADA-903BB0FC8DBC}.Release|Any CPU.Build.0 = Release|Any CPU
	EndGlobalSection
	GlobalSection(SolutionProperties) = preSolution
		HideSolutionNode = FALSE
	EndGlobalSection
	GlobalSection(ExtensibilityGlobals) = postSolution
		SolutionGuid = {0B305020-F73D-4820-B6A6-A1AE45C4B5A1}
	EndGlobalSection
EndGlobal
